
Microsoft Visual Studio Solution File, Format Version 12.00
# Visual Studio Version 16
VisualStudioVersion = 16.0.30104.148
MinimumVisualStudioVersion = 10.0.40219.1
Project("{FAE04EC0-301F-11D3-BF4B-00C04F79EFBC}") = "ia2112_sp_v2020", "ia2112_sp_v2020.csproj", "{498B892A-F59D-46A0-A497-0FFAB104C00C}"
EndProject
Global
	GlobalSection(SolutionConfigurationPlatforms) = preSolution
		Debug|Any CPU = Debug|Any CPU
		Release|Any CPU = Release|Any CPU
	EndGlobalSection
	GlobalSection(ProjectConfigurationPlatforms) = postSolution
		{498B892A-F59D-46A0-A497-0FFAB104C00C}.Debug|Any CPU.ActiveCfg = Debug|Any CPU
		{498B892A-F59D-46A0-A497-0FFAB104C00C}.Debug|Any CPU.Build.0 = Debug|Any CPU
		{498B892A-F59D-46A0-A497-0FFAB104C00C}.Release|Any CPU.ActiveCfg = Release|Any CPU
		{498B892A-F59D-46A0-A497-0FFAB104C00C}.Release|Any CPU.Build.0 = Release|Any CPU
	EndGlobalSection
	GlobalSection(SolutionProperties) = preSolution
		HideSolutionNode = FALSE
	EndGlobalSection
	GlobalSection(ExtensibilityGlobals) = postSolution
		SolutionGuid = {98DD076D-0A51-41AF-BFCC-7834F5EDD828}
	EndGlobalSection
EndGlobal
